{
  "nodes": {
    "emacs-flake": {
      "inputs": {
        "nixpkgs": "nixpkgs"
      },
      "locked": {
        "lastModified": 1790776525,
        "narHash": "sha256-6934ApZI+ycQ7+Dk4xZcbnx179TKZd0FDiTKFvAyIpI=",
        "owner": "hypatia-tile",
        "repo": "emacs-flake",
        "rev": "2b28c434b2a6f0f82fd39d57e02128ba3c406492",
        "type": "github"
      },
      "original": {
        "owner": "hypatia-tile",
        "repo": "emacs-flake",
        "type": "github"
      }
    },
    "flake-parts": {
      "inputs": {
        "nixpkgs-lib": [
          "neovim-nightly-overlay",
          "nixpkgs"
        ]
      },
      "locked": {
        "lastModified": 1790898470,
        "narHash": "sha256-zTwuwezD0w3hpga6a6P8emidzAZFyWqlNeRBlpWOOl8=",
        "owner": "hercules-ci",
        "repo": "flake-parts",
        "rev": "024633cd702b10285db5cb19b40ad48d2399ba60",
        "type": "github"
      },
      "original": {
        "owner": "hercules-ci",
        "repo": "flake-parts",
        "type": "github"
      }
    },
    "home-manager": {
      "inputs": {
        "nixpkgs": [
          "nixpkgs"
        ]
      },
      "locked": {
        "lastModified": 1791569574,
        "narHash": "sha256-5sViLmjhTCtBTvhjSXXvd5LDrAFMydFFKZQisjE8Vds=",
        "owner": "nix-community",
        "repo": "home-manager",
        "rev": "6b88c12cc6d234de4888f5d21076fb11199d0844",
        "type": "github"
      },
      "original": {
        "owner": "nix-community",
        "repo": "home-manager",
        "type": "github"
      }
    },
    "neovim-nightly-overlay": {
      "inputs": {
        "flake-parts": "flake-parts",
        "neovim-src": "neovim-src",
        "nixpkgs": [
          "nixpkgs"
        ]
      },
      "locked": {
        "lastModified": 1791417820,
        "narHash": "sha256-J2lxNdGQN/0HtxJN7hImgcKFUFkIT+/VIZLlgdnR2TY=",
        "owner": "nix-community",
        "repo": "neovim-nightly-overlay",
        "rev": "42252f1d108c3e2051539162e1fb79e76f645af3",
        "type": "github"
      },
      "original": {
        "owner": "nix-community",
        "repo": "neovim-nightly-overlay",
        "type": "github"
      }
    },
    "neovim-src": {
      "flake": false,
      "locked": {
        "lastModified": 1791362525,
        "narHash": "sha256-Wx5IlIB6ACHNNFDfE/MQJVqe0XMX7oxwD3ghxGQlOWw=",
        "owner": "neovim",
        "repo": "neovim",
        "rev": "27ee55c09d088c88b6c5ab5e8e2c4eaf86d6df71",
        "type": "github"
      },
      "original": {
        "owner": "neovim",
        "repo": "neovim",
        "type": "github"
      }
    },
    "nix-darwin": {
      "inputs": {
        "nixpkgs": [
          "nixpkgs"
        ]
      },
      "locked": {
        "lastModified": 1786845137,
        "narHash": "sha256-oQFip+v0luP8NIxJzmiW4Wu8bILsbFWom5l0zonl8hQ=",
        "owner": "nix-darwin",
        "repo": "nix-darwin",
        "rev": "4cff07de74b50e64bdd68cd4e722ab5b6b35ee48",
        "type": "github"
      },
      "original": {
        "owner": "nix-darwin",
        "ref": "master",
        "repo": "nix-darwin",
        "type": "github"
      }
    },
    "nixpkgs": {
      "locked": {
        "lastModified": 1790652569,
        "narHash": "sha256-641r7xrlSOHYoktL9/aArPIYNgZJ9eM5URzSEOtPJDY=",
        "owner": "NixOS",
        "repo": "nixpkgs",
        "rev": "b6c8664de9b6cc07fe5666a29f91884ba81197c4",
        "type": "github"
      },
      "original": {
        "owner": "NixOS",
        "ref": "nixpkgs-unstable",
        "repo": "nixpkgs",
        "type": "github"
      }
    },
    "nixpkgs_2": {
      "locked": {
        "lastModified": 1791366222,
        "narHash": "sha256-o0N4g6uSOIppU7CGToNvGlMf5vC+B6O6ukFHKY/TKOY=",
        "owner": "NixOS",
        "repo": "nixpkgs",
        "rev": "39ad350a0602fa0a58a544344e3e9187526ea45c",
        "type": "github"
      },
      "original": {
        "owner": "NixOS",
        "ref": "nixpkgs-unstable",
        "repo": "nixpkgs",
        "type": "github"
      }
    },
    "root": {
      "inputs": {
        "emacs-flake": "emacs-flake",
        "home-manager": "home-manager",
        "neovim-nightly-overlay": "neovim-nightly-overlay",
        "nix-darwin": "nix-darwin",
        "nixpkgs": "nixpkgs_2",
        "rust-overlay": "rust-overlay"
      }
    },
    "rust-overlay": {
      "inputs": {
        "nixpkgs": [
          "nixpkgs"
        ]
      },
      "locked": {
        "lastModified": 1791535654,
        "narHash": "sha256-QFgGi6Wgh7AgqPFdAXEmkTgnR0B5M0omheIHvo/02dU=",
        "owner": "oxalica",
        "repo": "rust-overlay",
        "rev": "4ca2963243427cb86bd6b4d9ca6010db0162a619",
        "type": "github"
      },
      "original": {
        "owner": "oxalica",
        "repo": "rust-overlay",
        "type": "github"
      }
    }
  },
  "root": "root",
  "version": 7
}
